
Microsoft Visual Studio Solution File, Format Version 12.00
# Visual Studio Version 17
VisualStudioVersion = 17.10.35013.160
MinimumVisualStudioVersion = 10.0.40219.1
Project("{FAE04EC0-301F-11D3-BF4B-00C04F79EFBC}") = "Expense Tracker", "Expense Tracker\Expense Tracker.csproj", "{E95DABFE-7E84-47C8-B7B0-380498F7C962}"
EndProject
Global
	GlobalSection(SolutionConfigurationPlatforms) = preSolution
		Debug|Any CPU = Debug|Any CPU
		Release|Any CPU = Release|Any CPU
	EndGlobalSection
	GlobalSection(ProjectConfigurationPlatforms) = postSolution
		{E95DABFE-7E84-47C8-B7B0-380498F7C962}.Debug|Any CPU.ActiveCfg = Debug|Any CPU
		{E95DABFE-7E84-47C8-B7B0-380498F7C962}.Debug|Any CPU.Build.0 = Debug|Any CPU
		{E95DABFE-7E84-47C8-B7B0-380498F7C962}.Release|Any CPU.ActiveCfg = Release|Any CPU
		{E95DABFE-7E84-47C8-B7B0-380498F7C962}.Release|Any CPU.Build.0 = Release|Any CPU
	EndGlobalSection
	GlobalSection(SolutionProperties) = preSolution
		HideSolutionNode = FALSE
	EndGlobalSection
	GlobalSection(ExtensibilityGlobals) = postSolution
		SolutionGuid = {4551EBBC-DCC2-42F2-99D3-0F5DDDF02DC5}
	EndGlobalSection
EndGlobal
